
Microsoft Visual Studio Solution File, Format Version 12.00
# Visual Studio Version 16
VisualStudioVersion = 16.0.29326.143
MinimumVisualStudioVersion = 10.0.40219.1
Project("{FAE04EC0-301F-11D3-BF4B-00C04F79EFBC}") = "IKEA Parser", "IKEA Parser\IKEA Parser.csproj", "{2BD0BB56-7E85-4568-B546-5929FF4AC32E}"
EndProject
Global
	GlobalSection(SolutionConfigurationPlatforms) = preSolution
		Debug|Any CPU = Debug|Any CPU
		Release|Any CPU = Release|Any CPU
	EndGlobalSection
	GlobalSection(ProjectConfigurationPlatforms) = postSolution
		{2BD0BB56-7E85-4568-B546-5929FF4AC32E}.Debug|Any CPU.ActiveCfg = Debug|Any CPU
		{2BD0BB56-7E85-4568-B546-5929FF4AC32E}.Debug|Any CPU.Build.0 = Debug|Any CPU
		{2BD0BB56-7E85-4568-B546-5929FF4AC32E}.Release|Any CPU.ActiveCfg = Release|Any CPU
		{2BD0BB56-7E85-4568-B546-5929FF4AC32E}.Release|Any CPU.Build.0 = Release|Any CPU
	EndGlobalSection
	GlobalSection(SolutionProperties) = preSolution
		HideSolutionNode = FALSE
	EndGlobalSection
	GlobalSection(ExtensibilityGlobals) = postSolution
		SolutionGuid = {EBED1496-E45A-4C2A-B13C-5EE70EE1FDFC}
	EndGlobalSection
EndGlobal
